{
  "version": 4,
  "terraform_version": "1.13.3",
  "serial": 287,
  "lineage": "1e86169c-593d-dc9b-085e-85f307be74e1",
  "outputs": {},
  "resources": [
    {
      "mode": "data",
      "type": "aws_caller_identity",
      "name": "current",
      "provider": "provider[\"registry.terraform.io/hashicorp/aws\"]",
      "instances": [
        {
          "schema_version": 0,
          "attributes": {
            "account_id": "275057777757",
            "arn": "arn:aws:iam::275057777757:user/datadog-terraform-user",
            "id": "275057777757",
            "user_id": "AIDAUACVYTRO2UEOC7MHH"
          },
          "sensitive_attributes": [],
          "identity_schema_version": 0
        }
      ]
    },
    {
      "mode": "managed",
      "type": "aws_iam_instance_profile",
      "name": "ec2_instance_profile",
      "provider": "provider[\"registry.terraform.io/hashicorp/aws\"]",
      "instances": [
        {
          "schema_version": 0,
          "attributes": {
            "arn": "arn:aws:iam::275057777757:instance-profile/lti-project-ec2-instance-profile",
            "create_date": "2025-09-29T04:30:49Z",
            "id": "lti-project-ec2-instance-profile",
            "name": "lti-project-ec2-instance-profile",
            "name_prefix": "",
            "path": "/",
            "role": "lti-project-ec2-role",
            "tags": {},
            "tags_all": {},
            "unique_id": "AIPAUACVYTROSO57B733I"
          },
          "sensitive_attributes": [],
          "identity_schema_version": 0,
          "private": "bnVsbA==",
          "dependencies": [
            "aws_iam_role.ec2_role"
          ]
        }
      ]
    },
    {
      "mode": "managed",
      "type": "aws_iam_role",
      "name": "datadog_role",
      "provider": "provider[\"registry.terraform.io/hashicorp/aws\"]",
      "instances": [
        {
          "schema_version": 0,
          "attributes": {
            "arn": "arn:aws:iam::275057777757:role/datadog-integration-role",
            "assume_role_policy": "{\"Statement\":[{\"Action\":\"sts:AssumeRole\",\"Condition\":{\"StringEquals\":{\"sts:ExternalId\":\"datadog-external-id\"}},\"Effect\":\"Allow\",\"Principal\":{\"AWS\":\"arn:aws:iam::464622532012:root\"}}],\"Version\":\"2012-10-17\"}",
            "create_date": "2025-09-29T03:55:46Z",
            "description": "",
            "force_detach_policies": false,
            "id": "datadog-integration-role",
            "inline_policy": [],
            "managed_policy_arns": [],
            "max_session_duration": 3600,
            "name": "datadog-integration-role",
            "name_prefix": "",
            "path": "/",
            "permissions_boundary": "",
            "tags": {},
            "tags_all": {},
            "unique_id": "AROAUACVYTROW2WZZ3VLG"
          },
          "sensitive_attributes": [],
          "identity_schema_version": 0,
          "identity": {
            "account_id": "275057777757",
            "name": "datadog-integration-role"
          },
          "private": "bnVsbA=="
        }
      ]
    },
    {
      "mode": "managed",
      "type": "aws_iam_role",
      "name": "ec2_role",
      "provider": "provider[\"registry.terraform.io/hashicorp/aws\"]",
      "instances": [
        {
          "schema_version": 0,
          "attributes": {
            "arn": "arn:aws:iam::275057777757:role/lti-project-ec2-role",
            "assume_role_policy": "{\"Statement\":[{\"Action\":\"sts:AssumeRole\",\"Effect\":\"Allow\",\"Principal\":{\"Service\":\"ec2.amazonaws.com\"},\"Sid\":\"\"}],\"Version\":\"2012-10-17\"}",
            "create_date": "2025-09-29T04:30:47Z",
            "description": "",
            "force_detach_policies": false,
            "id": "lti-project-ec2-role",
            "inline_policy": [],
            "managed_policy_arns": [],
            "max_session_duration": 3600,
            "name": "lti-project-ec2-role",
            "name_prefix": "",
            "path": "/",
            "permissions_boundary": "",
            "tags": {},
            "tags_all": {},
            "unique_id": "AROAUACVYTROW5FPHW3T4"
          },
          "sensitive_attributes": [],
          "identity_schema_version": 0,
          "identity": {
            "account_id": "275057777757",
            "name": "lti-project-ec2-role"
          },
          "private": "bnVsbA=="
        }
      ]
    },
    {
      "mode": "managed",
      "type": "aws_iam_role_policy",
      "name": "datadog_policy",
      "provider": "provider[\"registry.terraform.io/hashicorp/aws\"]",
      "instances": [
        {
          "schema_version": 0,
          "attributes": {
            "id": "datadog-integration-role:datadog-integration-policy",
            "name": "datadog-integration-policy",
            "name_prefix": "",
            "policy": "{\"Version\":\"2012-10-17\",\"Statement\":[{\"Action\":[\"cloudwatch:GetMetricStatistics\",\"cloudwatch:ListMetrics\",\"logs:GetLogEvents\",\"logs:GetLogGroups\",\"logs:GetLogStreams\",\"logs:DescribeLogGroups\",\"logs:DescribeLogStreams\",\"ec2:DescribeInstances\",\"ec2:DescribeImages\",\"ec2:DescribeSnapshots\",\"ec2:DescribeVolumes\",\"ec2:DescribeSecurityGroups\",\"ec2:DescribeTags\",\"elasticloadbalancing:DescribeLoadBalancers\",\"elasticloadbalancing:DescribeTargetGroups\",\"elasticloadbalancing:DescribeTargetHealth\",\"rds:DescribeDBInstances\",\"rds:DescribeDBClusters\",\"s3:GetBucketLocation\",\"s3:GetBucketTagging\",\"s3:ListAllMyBuckets\",\"s3:ListBucket\",\"s3:GetObject\"],\"Effect\":\"Allow\",\"Resource\":\"*\"}]}",
            "role": "datadog-integration-role"
          },
          "sensitive_attributes": [],
          "identity_schema_version": 0,
          "identity": {
            "account_id": "275057777757",
            "name": "datadog-integration-policy",
            "role": "datadog-integration-role"
          },
          "private": "bnVsbA==",
          "dependencies": [
            "aws_iam_role.datadog_role"
          ]
        }
      ]
    },
    {
      "mode": "managed",
      "type": "aws_s3_bucket_object",
      "name": "backend_zip",
      "provider": "provider[\"registry.terraform.io/hashicorp/aws\"]",
      "instances": [
        {
          "schema_version": 0,
          "attributes": {
            "acl": "private",
            "arn": "arn:aws:s3:::ai4devs-project-code-bucket/backend.zip",
            "bucket": "ai4devs-project-code-bucket",
            "bucket_key_enabled": false,
            "cache_control": "",
            "content": null,
            "content_base64": null,
            "content_disposition": "",
            "content_encoding": "",
            "content_language": "",
            "content_type": "application/octet-stream",
            "etag": "62d8e557ce161ddb4f21895df0954759",
            "force_destroy": false,
            "id": "backend.zip",
            "key": "backend.zip",
            "kms_key_id": null,
            "metadata": {},
            "object_lock_legal_hold_status": "",
            "object_lock_mode": "",
            "object_lock_retain_until_date": "",
            "server_side_encryption": "AES256",
            "source": "./../backend.zip",
            "source_hash": null,
            "storage_class": "STANDARD",
            "tags": {},
            "tags_all": {},
            "version_id": "",
            "website_redirect": ""
          },
          "sensitive_attributes": [],
          "identity_schema_version": 0,
          "private": "bnVsbA==",
          "dependencies": [
            "aws_s3_bucket.code_bucket",
            "null_resource.generate_zip"
          ]
        }
      ]
    },
    {
      "mode": "managed",
      "type": "aws_s3_bucket_object",
      "name": "frontend_zip",
      "provider": "provider[\"registry.terraform.io/hashicorp/aws\"]",
      "instances": [
        {
          "schema_version": 0,
          "attributes": {
            "acl": "private",
            "arn": "arn:aws:s3:::ai4devs-project-code-bucket/frontend.zip",
            "bucket": "ai4devs-project-code-bucket",
            "bucket_key_enabled": false,
            "cache_control": "",
            "content": null,
            "content_base64": null,
            "content_disposition": "",
            "content_encoding": "",
            "content_language": "",
            "content_type": "application/octet-stream",
            "etag": "ffc510318fa4147f2c77265094480671",
            "force_destroy": false,
            "id": "frontend.zip",
            "key": "frontend.zip",
            "kms_key_id": null,
            "metadata": {},
            "object_lock_legal_hold_status": "",
            "object_lock_mode": "",
            "object_lock_retain_until_date": "",
            "server_side_encryption": "AES256",
            "source": "./../frontend.zip",
            "source_hash": null,
            "storage_class": "STANDARD",
            "tags": {},
            "tags_all": {},
            "version_id": "",
            "website_redirect": ""
          },
          "sensitive_attributes": [],
          "identity_schema_version": 0,
          "private": "bnVsbA==",
          "dependencies": [
            "aws_s3_bucket.code_bucket",
            "null_resource.generate_zip"
          ]
        }
      ]
    },
    {
      "mode": "managed",
      "type": "aws_security_group",
      "name": "backend_sg",
      "provider": "provider[\"registry.terraform.io/hashicorp/aws\"]",
      "instances": [
        {
          "schema_version": 1,
          "attributes": {
            "arn": "arn:aws:ec2:us-east-1:275057777757:security-group/sg-032682ccf07a48a5b",
            "description": "Allow HTTP and SSH access",
            "egress": [
              {
                "cidr_blocks": [
                  "0.0.0.0/0"
                ],
                "description": "",
                "from_port": 0,
                "ipv6_cidr_blocks": [],
                "prefix_list_ids": [],
                "protocol": "-1",
                "security_groups": [],
                "self": false,
                "to_port": 0
              }
            ],
            "id": "sg-032682ccf07a48a5b",
            "ingress": [
              {
                "cidr_blocks": [
                  "0.0.0.0/0"
                ],
                "description": "",
                "from_port": 22,
                "ipv6_cidr_blocks": [],
                "prefix_list_ids": [],
                "protocol": "tcp",
                "security_groups": [],
                "self": false,
                "to_port": 22
              },
              {
                "cidr_blocks": [
                  "0.0.0.0/0"
                ],
                "description": "",
                "from_port": 8080,
                "ipv6_cidr_blocks": [],
                "prefix_list_ids": [],
                "protocol": "tcp",
                "security_groups": [],
                "self": false,
                "to_port": 8080
              }
            ],
            "name": "lti-project-backend-sg",
            "name_prefix": "",
            "owner_id": "275057777757",
            "region": "us-east-1",
            "revoke_rules_on_delete": false,
            "tags": {},
            "tags_all": {},
            "timeouts": null,
            "vpc_id": "vpc-0422f66165872d048"
          },
          "sensitive_attributes": [],
          "identity_schema_version": 0,
          "identity": {
            "account_id": "275057777757",
            "id": "sg-032682ccf07a48a5b",
            "region": "us-east-1"
          },
          "private": "eyJlMmJmYjczMC1lY2FhLTExZTYtOGY4OC0zNDM2M2JjN2M0YzAiOnsiY3JlYXRlIjo2MDAwMDAwMDAwMDAsImRlbGV0ZSI6OTAwMDAwMDAwMDAwfSwic2NoZW1hX3ZlcnNpb24iOiIxIn0="
        }
      ]
    },
    {
      "mode": "managed",
      "type": "aws_security_group",
      "name": "frontend_sg",
      "provider": "provider[\"registry.terraform.io/hashicorp/aws\"]",
      "instances": [
        {
          "schema_version": 1,
          "attributes": {
            "arn": "arn:aws:ec2:us-east-1:275057777757:security-group/sg-0b907610d143eded4",
            "description": "Allow HTTP and SSH access",
            "egress": [
              {
                "cidr_blocks": [
                  "0.0.0.0/0"
                ],
                "description": "",
                "from_port": 0,
                "ipv6_cidr_blocks": [],
                "prefix_list_ids": [],
                "protocol": "-1",
                "security_groups": [],
                "self": false,
                "to_port": 0
              }
            ],
            "id": "sg-0b907610d143eded4",
            "ingress": [
              {
                "cidr_blocks": [
                  "0.0.0.0/0"
                ],
                "description": "",
                "from_port": 22,
                "ipv6_cidr_blocks": [],
                "prefix_list_ids": [],
                "protocol": "tcp",
                "security_groups": [],
                "self": false,
                "to_port": 22
              },
              {
                "cidr_blocks": [
                  "0.0.0.0/0"
                ],
                "description": "",
                "from_port": 3000,
                "ipv6_cidr_blocks": [],
                "prefix_list_ids": [],
                "protocol": "tcp",
                "security_groups": [],
                "self": false,
                "to_port": 3000
              }
            ],
            "name": "lti-project-frontend-sg",
            "name_prefix": "",
            "owner_id": "275057777757",
            "region": "us-east-1",
            "revoke_rules_on_delete": false,
            "tags": {},
            "tags_all": {},
            "timeouts": null,
            "vpc_id": "vpc-0422f66165872d048"
          },
          "sensitive_attributes": [],
          "identity_schema_version": 0,
          "identity": {
            "account_id": "275057777757",
            "id": "sg-0b907610d143eded4",
            "region": "us-east-1"
          },
          "private": "eyJlMmJmYjczMC1lY2FhLTExZTYtOGY4OC0zNDM2M2JjN2M0YzAiOnsiY3JlYXRlIjo2MDAwMDAwMDAwMDAsImRlbGV0ZSI6OTAwMDAwMDAwMDAwfSwic2NoZW1hX3ZlcnNpb24iOiIxIn0="
        }
      ]
    },
    {
      "mode": "managed",
      "type": "datadog_dashboard",
      "name": "aws_infrastructure",
      "provider": "provider[\"registry.terraform.io/datadog/datadog\"]",
      "instances": [
        {
          "schema_version": 0,
          "attributes": {
            "dashboard_lists": null,
            "dashboard_lists_removed": [],
            "description": "Dashboard para monitorear la infraestructura AWS del proyecto LTI",
            "id": "9qd-aeh-svt",
            "is_read_only": false,
            "layout_type": "ordered",
            "notify_list": null,
            "reflow_type": "",
            "restricted_roles": null,
            "tags": null,
            "template_variable": [],
            "template_variable_preset": [],
            "title": "AWS Infrastructure Monitoring - LTI Project",
            "url": "/dashboard/9qd-aeh-svt/aws-infrastructure-monitoring---lti-project",
            "widget": [
              {
                "alert_graph_definition": [],
                "alert_value_definition": [],
                "change_definition": [],
                "check_status_definition": [],
                "distribution_definition": [],
                "event_stream_definition": [],
                "event_timeline_definition": [],
                "free_text_definition": [],
                "geomap_definition": [],
                "group_definition": [],
                "heatmap_definition": [],
                "hostmap_definition": [],
                "id": 484110209,
                "iframe_definition": [],
                "image_definition": [],
                "list_stream_definition": [],
                "log_stream_definition": [],
                "manage_status_definition": [],
                "note_definition": [],
                "powerpack_definition": [],
                "query_table_definition": [],
                "query_value_definition": [],
                "run_workflow_definition": [],
                "scatterplot_definition": [],
                "service_level_objective_definition": [],
                "servicemap_definition": [],
                "slo_list_definition": [],
                "split_graph_definition": [],
                "sunburst_definition": [],
                "timeseries_definition": [
                  {
                    "custom_link": [],
                    "event": [],
                    "legend_columns": null,
                    "legend_layout": "",
                    "legend_size": "",
                    "live_span": "",
                    "marker": [],
                    "request": [
                      {
                        "apm_query": [],
                        "audit_query": [],
                        "display_type": "line",
                        "formula": [],
                        "log_query": [],
                        "metadata": [],
                        "network_query": [],
                        "on_right_yaxis": false,
                        "process_query": [],
                        "q": "avg:aws.ec2.cpuutilization{*} by {instance-id}",
                        "query": [],
                        "rum_query": [],
                        "security_query": [],
                        "style": [
                          {
                            "line_type": "solid",
                            "line_width": "normal",
                            "palette": "dog_classic"
                          }
                        ]
                      }
                    ],
                    "right_yaxis": [],
                    "show_legend": false,
                    "title": "CPU Utilization - EC2 Instances",
                    "title_align": "",
                    "title_size": "",
                    "yaxis": [
                      {
                        "include_zero": false,
                        "label": "CPU %",
                        "max": "100",
                        "min": "0",
                        "scale": "linear"
                      }
                    ]
                  }
                ],
                "toplist_definition": [],
                "topology_map_definition": [],
                "trace_service_definition": [],
                "treemap_definition": [],
                "widget_layout": [
                  {
                    "height": 8,
                    "is_column_break": false,
                    "width": 12,
                    "x": 0,
                    "y": 0
                  }
                ]
              },
              {
                "alert_graph_definition": [],
                "alert_value_definition": [],
                "change_definition": [],
                "check_status_definition": [],
                "distribution_definition": [],
                "event_stream_definition": [],
                "event_timeline_definition": [],
                "free_text_definition": [],
                "geomap_definition": [],
                "group_definition": [],
                "heatmap_definition": [],
                "hostmap_definition": [],
                "id": 1142287,
                "iframe_definition": [],
                "image_definition": [],
                "list_stream_definition": [],
                "log_stream_definition": [],
                "manage_status_definition": [],
                "note_definition": [],
                "powerpack_definition": [],
                "query_table_definition": [],
                "query_value_definition": [],
                "run_workflow_definition": [],
                "scatterplot_definition": [],
                "service_level_objective_definition": [],
                "servicemap_definition": [],
                "slo_list_definition": [],
                "split_graph_definition": [],
                "sunburst_definition": [],
                "timeseries_definition": [
                  {
                    "custom_link": [],
                    "event": [],
                    "legend_columns": null,
                    "legend_layout": "",
                    "legend_size": "",
                    "live_span": "",
                    "marker": [],
                    "request": [
                      {
                        "apm_query": [],
                        "audit_query": [],
                        "display_type": "line",
                        "formula": [],
                        "log_query": [],
                        "metadata": [],
                        "network_query": [],
                        "on_right_yaxis": false,
                        "process_query": [],
                        "q": "avg:system.mem.used{*} by {host}",
                        "query": [],
                        "rum_query": [],
                        "security_query": [],
                        "style": [
                          {
                            "line_type": "solid",
                            "line_width": "normal",
                            "palette": "dog_classic"
                          }
                        ]
                      }
                    ],
                    "right_yaxis": [],
                    "show_legend": false,
                    "title": "Memory Utilization - EC2 Instances",
                    "title_align": "",
                    "title_size": "",
                    "yaxis": [
                      {
                        "include_zero": false,
                        "label": "Memory %",
                        "max": "100",
                        "min": "0",
                        "scale": "linear"
                      }
                    ]
                  }
                ],
                "toplist_definition": [],
                "topology_map_definition": [],
                "trace_service_definition": [],
                "treemap_definition": [],
                "widget_layout": [
                  {
                    "height": 8,
                    "is_column_break": false,
                    "width": 12,
                    "x": 0,
                    "y": 8
                  }
                ]
              },
              {
                "alert_graph_definition": [],
                "alert_value_definition": [],
                "change_definition": [],
                "check_status_definition": [],
                "distribution_definition": [],
                "event_stream_definition": [],
                "event_timeline_definition": [],
                "free_text_definition": [],
                "geomap_definition": [],
                "group_definition": [],
                "heatmap_definition": [],
                "hostmap_definition": [],
                "id": 185270125,
                "iframe_definition": [],
                "image_definition": [],
                "list_stream_definition": [],
                "log_stream_definition": [],
                "manage_status_definition": [],
                "note_definition": [],
                "powerpack_definition": [],
                "query_table_definition": [],
                "query_value_definition": [],
                "run_workflow_definition": [],
                "scatterplot_definition": [],
                "service_level_objective_definition": [],
                "servicemap_definition": [],
                "slo_list_definition": [],
                "split_graph_definition": [],
                "sunburst_definition": [],
                "timeseries_definition": [
                  {
                    "custom_link": [],
                    "event": [],
                    "legend_columns": null,
                    "legend_layout": "",
                    "legend_size": "",
                    "live_span": "",
                    "marker": [],
                    "request": [
                      {
                        "apm_query": [],
                        "audit_query": [],
                        "display_type": "line",
                        "formula": [],
                        "log_query": [],
                        "metadata": [],
                        "network_query": [],
                        "on_right_yaxis": false,
                        "process_query": [],
                        "q": "avg:aws.ec2.networkin{*} by {instance-id}",
                        "query": [],
                        "rum_query": [],
                        "security_query": [],
                        "style": [
                          {
                            "line_type": "solid",
                            "line_width": "normal",
                            "palette": "dog_classic"
                          }
                        ]
                      },
                      {
                        "apm_query": [],
                        "audit_query": [],
                        "display_type": "line",
                        "formula": [],
                        "log_query": [],
                        "metadata": [],
                        "network_query": [],
                        "on_right_yaxis": false,
                        "process_query": [],
                        "q": "avg:aws.ec2.networkout{*} by {instance-id}",
                        "query": [],
                        "rum_query": [],
                        "security_query": [],
                        "style": [
                          {
                            "line_type": "solid",
                            "line_width": "normal",
                            "palette": "dog_classic"
                          }
                        ]
                      }
                    ],
                    "right_yaxis": [],
                    "show_legend": false,
                    "title": "Network Traffic - EC2 Instances",
                    "title_align": "",
                    "title_size": "",
                    "yaxis": [
                      {
                        "include_zero": false,
                        "label": "Bytes/sec",
                        "max": "",
                        "min": "",
                        "scale": "linear"
                      }
                    ]
                  }
                ],
                "toplist_definition": [],
                "topology_map_definition": [],
                "trace_service_definition": [],
                "treemap_definition": [],
                "widget_layout": [
                  {
                    "height": 8,
                    "is_column_break": false,
                    "width": 12,
                    "x": 0,
                    "y": 16
                  }
                ]
              },
              {
                "alert_graph_definition": [],
                "alert_value_definition": [],
                "change_definition": [],
                "check_status_definition": [],
                "distribution_definition": [],
                "event_stream_definition": [],
                "event_timeline_definition": [],
                "free_text_definition": [],
                "geomap_definition": [],
                "group_definition": [],
                "heatmap_definition": [],
                "hostmap_definition": [],
                "id": -320848281,
                "iframe_definition": [],
                "image_definition": [],
                "list_stream_definition": [],
                "log_stream_definition": [],
                "manage_status_definition": [],
                "note_definition": [],
                "powerpack_definition": [],
                "query_table_definition": [],
                "query_value_definition": [],
                "run_workflow_definition": [],
                "scatterplot_definition": [],
                "service_level_objective_definition": [],
                "servicemap_definition": [],
                "slo_list_definition": [],
                "split_graph_definition": [],
                "sunburst_definition": [],
                "timeseries_definition": [
                  {
                    "custom_link": [],
                    "event": [],
                    "legend_columns": null,
                    "legend_layout": "",
                    "legend_size": "",
                    "live_span": "",
                    "marker": [],
                    "request": [
                      {
                        "apm_query": [],
                        "audit_query": [],
                        "display_type": "line",
                        "formula": [],
                        "log_query": [],
                        "metadata": [],
                        "network_query": [],
                        "on_right_yaxis": false,
                        "process_query": [],
                        "q": "avg:docker.containers.running{*} by {container_name}",
                        "query": [],
                        "rum_query": [],
                        "security_query": [],
                        "style": [
                          {
                            "line_type": "solid",
                            "line_width": "normal",
                            "palette": "dog_classic"
                          }
                        ]
                      }
                    ],
                    "right_yaxis": [],
                    "show_legend": false,
                    "title": "Docker Container Metrics",
                    "title_align": "",
                    "title_size": "",
                    "yaxis": [
                      {
                        "include_zero": false,
                        "label": "Containers",
                        "max": "",
                        "min": "",
                        "scale": "linear"
                      }
                    ]
                  }
                ],
                "toplist_definition": [],
                "topology_map_definition": [],
                "trace_service_definition": [],
                "treemap_definition": [],
                "widget_layout": [
                  {
                    "height": 8,
                    "is_column_break": false,
                    "width": 12,
                    "x": 0,
                    "y": 24
                  }
                ]
              },
              {
                "alert_graph_definition": [],
                "alert_value_definition": [],
                "change_definition": [],
                "check_status_definition": [],
                "distribution_definition": [],
                "event_stream_definition": [],
                "event_timeline_definition": [],
                "free_text_definition": [],
                "geomap_definition": [],
                "group_definition": [],
                "heatmap_definition": [],
                "hostmap_definition": [],
                "id": -91369372,
                "iframe_definition": [],
                "image_definition": [],
                "list_stream_definition": [],
                "log_stream_definition": [],
                "manage_status_definition": [],
                "note_definition": [],
                "powerpack_definition": [],
                "query_table_definition": [],
                "query_value_definition": [
                  {
                    "autoscale": true,
                    "custom_link": [],
                    "custom_unit": "",
                    "live_span": "",
                    "precision": 0,
                    "request": [
                      {
                        "aggregator": "sum",
                        "apm_query": [],
                        "audit_query": [],
                        "conditional_formats": [],
                        "formula": [],
                        "log_query": [],
                        "process_query": [],
                        "q": "sum:aws.ec2.instance_count{*}",
                        "query": [],
                        "rum_query": [],
                        "security_query": []
                      }
                    ],
                    "text_align": "",
                    "timeseries_background": [],
                    "title": "Total EC2 Instances",
                    "title_align": "",
                    "title_size": ""
                  }
                ],
                "run_workflow_definition": [],
                "scatterplot_definition": [],
                "service_level_objective_definition": [],
                "servicemap_definition": [],
                "slo_list_definition": [],
                "split_graph_definition": [],
                "sunburst_definition": [],
                "timeseries_definition": [],
                "toplist_definition": [],
                "topology_map_definition": [],
                "trace_service_definition": [],
                "treemap_definition": [],
                "widget_layout": [
                  {
                    "height": 8,
                    "is_column_break": false,
                    "width": 12,
                    "x": 0,
                    "y": 32
                  }
                ]
              }
            ]
          },
          "sensitive_attributes": [],
          "identity_schema_version": 0,
          "private": "bnVsbA=="
        }
      ]
    },
    {
      "mode": "managed",
      "type": "datadog_integration_aws_account",
      "name": "main",
      "provider": "provider[\"registry.terraform.io/datadog/datadog\"]",
      "instances": [
        {
          "schema_version": 0,
          "attributes": {
            "account_tags": [],
            "auth_config": {
              "aws_auth_config_keys": null,
              "aws_auth_config_role": {
                "external_id": "ad3aa72f926147c1a00042f5f9aa0308",
                "role_name": "datadog-integration-role"
              }
            },
            "aws_account_id": "275057777757",
            "aws_partition": "aws",
            "aws_regions": {
              "include_all": true,
              "include_only": null
            },
            "id": "af38ece7-0538-4956-88ad-b1b4ca4a8c7d",
            "logs_config": {
              "lambda_forwarder": {
                "lambdas": [],
                "log_source_config": null,
                "sources": []
              }
            },
            "metrics_config": {
              "automute_enabled": true,
              "collect_cloudwatch_alarms": false,
              "collect_custom_metrics": false,
              "enabled": true,
              "namespace_filters": {
                "exclude_only": [
                  "AWS/SQS",
                  "AWS/ElasticMapReduce",
                  "AWS/Usage"
                ],
                "include_only": null
              },
              "tag_filters": []
            },
            "resources_config": {
              "cloud_security_posture_management_collection": false,
              "extended_collection": true
            },
            "traces_config": {
              "xray_services": {
                "include_all": null,
                "include_only": []
              }
            }
          },
          "sensitive_attributes": [],
          "identity_schema_version": 0,
          "dependencies": [
            "data.aws_caller_identity.current"
          ]
        }
      ]
    },
    {
      "mode": "managed",
      "type": "datadog_monitor",
      "name": "high_cpu",
      "provider": "provider[\"registry.terraform.io/datadog/datadog\"]",
      "instances": [
        {
          "schema_version": 0,
          "attributes": {
            "enable_logs_sample": null,
            "enable_samples": null,
            "escalation_message": "CPU usage is critically high on EC2 instance {{instance-id.name}}",
            "evaluation_delay": 0,
            "force_delete": null,
            "group_retention_duration": "",
            "groupby_simple_monitor": null,
            "id": "219885308",
            "include_tags": true,
            "locked": false,
            "message": "CPU usage is high on EC2 instance {{instance-id.name}}",
            "monitor_threshold_windows": [],
            "monitor_thresholds": [
              {
                "critical": "80",
                "critical_recovery": "",
                "ok": "",
                "unknown": "",
                "warning": "70",
                "warning_recovery": ""
              }
            ],
            "name": "High CPU Usage - EC2 Instances",
            "new_group_delay": 300,
            "new_host_delay": 300,
            "no_data_timeframe": 0,
            "notification_preset_name": "",
            "notify_audit": false,
            "notify_by": null,
            "notify_no_data": false,
            "on_missing_data": "",
            "priority": "",
            "query": "avg(last_5m):avg:aws.ec2.cpuutilization{*} by {instance-id} \u003e 80",
            "renotify_interval": 0,
            "renotify_occurrences": 0,
            "renotify_statuses": null,
            "require_full_window": true,
            "restricted_roles": null,
            "scheduling_options": [],
            "tags": [],
            "timeout_h": 0,
            "type": "metric alert",
            "validate": null,
            "variables": []
          },
          "sensitive_attributes": [],
          "identity_schema_version": 0,
          "private": "bnVsbA=="
        }
      ]
    },
    {
      "mode": "managed",
      "type": "datadog_monitor",
      "name": "high_memory",
      "provider": "provider[\"registry.terraform.io/datadog/datadog\"]",
      "instances": [
        {
          "schema_version": 0,
          "attributes": {
            "enable_logs_sample": null,
            "enable_samples": null,
            "escalation_message": "Memory usage is critically high on host {{host.name}}",
            "evaluation_delay": 0,
            "force_delete": null,
            "group_retention_duration": "",
            "groupby_simple_monitor": null,
            "id": "219885309",
            "include_tags": true,
            "locked": false,
            "message": "Memory usage is high on host {{host.name}}",
            "monitor_threshold_windows": [],
            "monitor_thresholds": [
              {
                "critical": "80",
                "critical_recovery": "",
                "ok": "",
                "unknown": "",
                "warning": "70",
                "warning_recovery": ""
              }
            ],
            "name": "High Memory Usage - EC2 Instances",
            "new_group_delay": 300,
            "new_host_delay": 300,
            "no_data_timeframe": 0,
            "notification_preset_name": "",
            "notify_audit": false,
            "notify_by": null,
            "notify_no_data": false,
            "on_missing_data": "",
            "priority": "",
            "query": "avg(last_5m):avg:system.mem.used{*} by {host} \u003e 80",
            "renotify_interval": 0,
            "renotify_occurrences": 0,
            "renotify_statuses": null,
            "require_full_window": true,
            "restricted_roles": null,
            "scheduling_options": [],
            "tags": [],
            "timeout_h": 0,
            "type": "metric alert",
            "validate": null,
            "variables": []
          },
          "sensitive_attributes": [],
          "identity_schema_version": 0,
          "private": "bnVsbA=="
        }
      ]
    },
    {
      "mode": "managed",
      "type": "null_resource",
      "name": "generate_zip",
      "provider": "provider[\"registry.terraform.io/hashicorp/null\"]",
      "instances": [
        {
          "schema_version": 0,
          "attributes": {
            "id": "7942775215129829298",
            "triggers": {
              "always_run": "2025-05-20T01:27:34Z"
            }
          },
          "sensitive_attributes": [],
          "identity_schema_version": 0
        }
      ]
    }
  ],
  "check_results": null
}
